
Microsoft Visual Studio Solution File, Format Version 12.00
# Visual Studio 15
VisualStudioVersion = 15.0.28307.489
MinimumVisualStudioVersion = 10.0.40219.1
Project("{00D1A9C2-B5F0-4AF3-8072-F6C62B433612}") = "ContosoUniversityData", "ContosoUniversityData\ContosoUniversityData.sqlproj", "{0E2DE088-A622-4ED0-B8F0-C36A41C3BF5C}"
EndProject
Project("{FAE04EC0-301F-11D3-BF4B-00C04F79EFBC}") = "ContosoSite", "ContosoSite\ContosoSite.csproj", "{DBBB5978-676E-42B4-921B-83F4A169DA33}"
EndProject
Global
	GlobalSection(SolutionConfigurationPlatforms) = preSolution
		Debug|Any CPU = Debug|Any CPU
		Release|Any CPU = Release|Any CPU
	EndGlobalSection
	GlobalSection(ProjectConfigurationPlatforms) = postSolution
		{0E2DE088-A622-4ED0-B8F0-C36A41C3BF5C}.Debug|Any CPU.ActiveCfg = Debug|Any CPU
		{0E2DE088-A622-4ED0-B8F0-C36A41C3BF5C}.Debug|Any CPU.Build.0 = Debug|Any CPU
		{0E2DE088-A622-4ED0-B8F0-C36A41C3BF5C}.Debug|Any CPU.Deploy.0 = Debug|Any CPU
		{0E2DE088-A622-4ED0-B8F0-C36A41C3BF5C}.Release|Any CPU.ActiveCfg = Release|Any CPU
		{0E2DE088-A622-4ED0-B8F0-C36A41C3BF5C}.Release|Any CPU.Build.0 = Release|Any CPU
		{0E2DE088-A622-4ED0-B8F0-C36A41C3BF5C}.Release|Any CPU.Deploy.0 = Release|Any CPU
		{DBBB5978-676E-42B4-921B-83F4A169DA33}.Debug|Any CPU.ActiveCfg = Debug|Any CPU
		{DBBB5978-676E-42B4-921B-83F4A169DA33}.Debug|Any CPU.Build.0 = Debug|Any CPU
		{DBBB5978-676E-42B4-921B-83F4A169DA33}.Release|Any CPU.ActiveCfg = Release|Any CPU
		{DBBB5978-676E-42B4-921B-83F4A169DA33}.Release|Any CPU.Build.0 = Release|Any CPU
	EndGlobalSection
	GlobalSection(SolutionProperties) = preSolution
		HideSolutionNode = FALSE
	EndGlobalSection
	GlobalSection(ExtensibilityGlobals) = postSolution
		SolutionGuid = {A0E2601E-1C24-4E2E-9211-843BA00F3742}
	EndGlobalSection
EndGlobal
